// !$*UTF8*$!
{
	archiveVersion = 1;
	classes = {
	};
	objectVersion = 46;
	objects = {

/* Begin PBXBuildFile section */
		A844A54A16FB17780021037B /* Question.m in Sources */ = {isa = PBXBuildFile; fileRef = A844A54916FB17780021037B /* Question.m */; };
		A844A54E16FB17D10021037B /* Question+Archiver.m in Sources */ = {isa = PBXBuildFile; fileRef = A844A54D16FB17D10021037B /* Question+Archiver.m */; };
		A844A55116FB18500021037B /* Question+Parser.m in Sources */ = {isa = PBXBuildFile; fileRef = A844A55016FB18500021037B /* Question+Parser.m */; };
		A845C05F17044AED0064806D /* irregularVerbs.json in Resources */ = {isa = PBXBuildFile; fileRef = A845C05E17044AED0064806D /* irregularVerbs.json */; };
		A845C06217044E610064806D /* AppData.m in Sources */ = {isa = PBXBuildFile; fileRef = A845C06117044E610064806D /* AppData.m */; };
		A845C06617044FC80064806D /* AppData+Archiver.m in Sources */ = {isa = PBXBuildFile; fileRef = A845C06517044FC80064806D /* AppData+Archiver.m */; };
		A845C069170454080064806D /* AppData+Parser.m in Sources */ = {isa = PBXBuildFile; fileRef = A845C068170454080064806D /* AppData+Parser.m */; };
		A845C06C170460840064806D /* ManagerLaunchApp.m in Sources */ = {isa = PBXBuildFile; fileRef = A845C06B170460830064806D /* ManagerLaunchApp.m */; };
		A845C0711704639F0064806D /* QuestionSetsViewController.m in Sources */ = {isa = PBXBuildFile; fileRef = A845C06F1704639F0064806D /* QuestionSetsViewController.m */; };
		A845C0721704639F0064806D /* QuestionSetsViewController.xib in Resources */ = {isa = PBXBuildFile; fileRef = A845C0701704639F0064806D /* QuestionSetsViewController.xib */; };
		A845C0771704682B0064806D /* QuestionViewController.m in Sources */ = {isa = PBXBuildFile; fileRef = A845C0751704682B0064806D /* QuestionViewController.m */; };
		A845C0781704682B0064806D /* QuestionViewController.xib in Resources */ = {isa = PBXBuildFile; fileRef = A845C0761704682B0064806D /* QuestionViewController.xib */; };
		A878107116FB1C26003E3F91 /* QuestionSet.m in Sources */ = {isa = PBXBuildFile; fileRef = A878107016FB1C26003E3F91 /* QuestionSet.m */; };
		A878107516FB1C74003E3F91 /* QuestionSet+Parser.m in Sources */ = {isa = PBXBuildFile; fileRef = A878107416FB1C74003E3F91 /* QuestionSet+Parser.m */; };
		A8D36F3C16FA5623009268D2 /* Tokens.m in Sources */ = {isa = PBXBuildFile; fileRef = A8D36F3B16FA5623009268D2 /* Tokens.m */; };
		A8D36F4316FA5A07009268D2 /* NameValueArchiver.m in Sources */ = {isa = PBXBuildFile; fileRef = A8D36F4216FA5A07009268D2 /* NameValueArchiver.m */; };
		F2B2443B16E5F85500E11381 /* UIKit.framework in Frameworks */ = {isa = PBXBuildFile; fileRef = F2B2443A16E5F85500E11381 /* UIKit.framework */; };
		F2B2443D16E5F85500E11381 /* Foundation.framework in Frameworks */ = {isa = PBXBuildFile; fileRef = F2B2443C16E5F85500E11381 /* Foundation.framework */; };
		F2B2443F16E5F85500E11381 /* CoreGraphics.framework in Frameworks */ = {isa = PBXBuildFile; fileRef = F2B2443E16E5F85500E11381 /* CoreGraphics.framework */; };
		F2B2444516E5F85500E11381 /* InfoPlist.strings in Resources */ = {isa = PBXBuildFile; fileRef = F2B2444316E5F85500E11381 /* InfoPlist.strings */; };
		F2B2444716E5F85500E11381 /* main.m in Sources */ = {isa = PBXBuildFile; fileRef = F2B2444616E5F85500E11381 /* main.m */; };
		F2B2444B16E5F85500E11381 /* AppDelegate.m in Sources */ = {isa = PBXBuildFile; fileRef = F2B2444A16E5F85500E11381 /* AppDelegate.m */; };
		F2B2444D16E5F85500E11381 /* Default.png in Resources */ = {isa = PBXBuildFile; fileRef = F2B2444C16E5F85500E11381 /* Default.png */; };
		F2B2444F16E5F85500E11381 /* Default@2x.png in Resources */ = {isa = PBXBuildFile; fileRef = F2B2444E16E5F85500E11381 /* Default@2x.png */; };
		F2B2445116E5F85500E11381 /* Default-568h@2x.png in Resources */ = {isa = PBXBuildFile; fileRef = F2B2445016E5F85500E11381 /* Default-568h@2x.png */; };
		F2B2445416E5F85500E11381 /* FirstViewController.m in Sources */ = {isa = PBXBuildFile; fileRef = F2B2445316E5F85500E11381 /* FirstViewController.m */; };
		F2B2445616E5F85500E11381 /* first.png in Resources */ = {isa = PBXBuildFile; fileRef = F2B2445516E5F85500E11381 /* first.png */; };
		F2B2445816E5F85500E11381 /* first@2x.png in Resources */ = {isa = PBXBuildFile; fileRef = F2B2445716E5F85500E11381 /* first@2x.png */; };
		F2B2445B16E5F85500E11381 /* SecondViewController.m in Sources */ = {isa = PBXBuildFile; fileRef = F2B2445A16E5F85500E11381 /* SecondViewController.m */; };
		F2B2445D16E5F85500E11381 /* second.png in Resources */ = {isa = PBXBuildFile; fileRef = F2B2445C16E5F85500E11381 /* second.png */; };
		F2B2445F16E5F85500E11381 /* second@2x.png in Resources */ = {isa = PBXBuildFile; fileRef = F2B2445E16E5F85500E11381 /* second@2x.png */; };
		F2B2446216E5F85500E11381 /* FirstViewController.xib in Resources */ = {isa = PBXBuildFile; fileRef = F2B2446016E5F85500E11381 /* FirstViewController.xib */; };
		F2B2446516E5F85500E11381 /* SecondViewController.xib in Resources */ = {isa = PBXBuildFile; fileRef = F2B2446316E5F85500E11381 /* SecondViewController.xib */; };
/* End PBXBuildFile section */

/* Begin PBXFileReference section */
		A844A54816FB17780021037B /* Question.h */ = {isa = PBXFileReference; fileEncoding = 4; lastKnownFileType = sourcecode.c.h; name = Question.h; path = Question/Question.h; sourceTree = "<group>"; };
		A844A54916FB17780021037B /* Question.m */ = {isa = PBXFileReference; fileEncoding = 4; lastKnownFileType = sourcecode.c.objc; name = Question.m; path = Question/Question.m; sourceTree = "<group>"; };
		A844A54C16FB17D10021037B /* Question+Archiver.h */ = {isa = PBXFileReference; fileEncoding = 4; lastKnownFileType = sourcecode.c.h; name = "Question+Archiver.h"; path = "Question/Question+Archiver.h"; sourceTree = "<group>"; };
		A844A54D16FB17D10021037B /* Question+Archiver.m */ = {isa = PBXFileReference; fileEncoding = 4; lastKnownFileType = sourcecode.c.objc; name = "Question+Archiver.m"; path = "Question/Question+Archiver.m"; sourceTree = "<group>"; };
		A844A54F16FB18500021037B /* Question+Parser.h */ = {isa = PBXFileReference; fileEncoding = 4; lastKnownFileType = sourcecode.c.h; name = "Question+Parser.h"; path = "Question/Question+Parser.h"; sourceTree = "<group>"; };
		A844A55016FB18500021037B /* Question+Parser.m */ = {isa = PBXFileReference; fileEncoding = 4; lastKnownFileType = sourcecode.c.objc; name = "Question+Parser.m"; path = "Question/Question+Parser.m"; sourceTree = "<group>"; };
		A844A55416FB192C0021037B /* OLLog.h */ = {isa = PBXFileReference; fileEncoding = 4; lastKnownFileType = sourcecode.c.h; path = OLLog.h; sourceTree = "<group>"; };
		A844A55516FB192C0021037B /* OLLogSetter.h */ = {isa = PBXFileReference; fileEncoding = 4; lastKnownFileType = sourcecode.c.h; path = OLLogSetter.h; sourceTree = "<group>"; };
		A845C05E17044AED0064806D /* irregularVerbs.json */ = {isa = PBXFileReference; fileEncoding = 4; lastKnownFileType = text.json; path = irregularVerbs.json; sourceTree = "<group>"; };
		A845C06017044E610064806D /* AppData.h */ = {isa = PBXFileReference; fileEncoding = 4; lastKnownFileType = sourcecode.c.h; name = AppData.h; path = AppData/AppData.h; sourceTree = "<group>"; };
		A845C06117044E610064806D /* AppData.m */ = {isa = PBXFileReference; fileEncoding = 4; lastKnownFileType = sourcecode.c.objc; name = AppData.m; path = AppData/AppData.m; sourceTree = "<group>"; };
		A845C06417044FC80064806D /* AppData+Archiver.h */ = {isa = PBXFileReference; fileEncoding = 4; lastKnownFileType = sourcecode.c.h; name = "AppData+Archiver.h"; path = "AppData/AppData+Archiver.h"; sourceTree = "<group>"; };
		A845C06517044FC80064806D /* AppData+Archiver.m */ = {isa = PBXFileReference; fileEncoding = 4; lastKnownFileType = sourcecode.c.objc; name = "AppData+Archiver.m"; path = "AppData/AppData+Archiver.m"; sourceTree = "<group>"; };
		A845C067170454080064806D /* AppData+Parser.h */ = {isa = PBXFileReference; fileEncoding = 4; lastKnownFileType = sourcecode.c.h; name = "AppData+Parser.h"; path = "AppData/AppData+Parser.h"; sourceTree = "<group>"; };
		A845C068170454080064806D /* AppData+Parser.m */ = {isa = PBXFileReference; fileEncoding = 4; lastKnownFileType = sourcecode.c.objc; name = "AppData+Parser.m"; path = "AppData/AppData+Parser.m"; sourceTree = "<group>"; };
		A845C06A170460820064806D /* ManagerLaunchApp.h */ = {isa = PBXFileReference; fileEncoding = 4; lastKnownFileType = sourcecode.c.h; name = ManagerLaunchApp.h; path = ManagerLaunchApp/ManagerLaunchApp.h; sourceTree = "<group>"; };
		A845C06B170460830064806D /* ManagerLaunchApp.m */ = {isa = PBXFileReference; fileEncoding = 4; lastKnownFileType = sourcecode.c.objc; name = ManagerLaunchApp.m; path = ManagerLaunchApp/ManagerLaunchApp.m; sourceTree = "<group>"; };
		A845C06E1704639F0064806D /* QuestionSetsViewController.h */ = {isa = PBXFileReference; fileEncoding = 4; lastKnownFileType = sourcecode.c.h; name = QuestionSetsViewController.h; path = QuestionSetsViewController/QuestionSetsViewController.h; sourceTree = "<group>"; };
		A845C06F1704639F0064806D /* QuestionSetsViewController.m */ = {isa = PBXFileReference; fileEncoding = 4; lastKnownFileType = sourcecode.c.objc; name = QuestionSetsViewController.m; path = QuestionSetsViewController/QuestionSetsViewController.m; sourceTree = "<group>"; };
		A845C0701704639F0064806D /* QuestionSetsViewController.xib */ = {isa = PBXFileReference; fileEncoding = 4; lastKnownFileType = file.xib; name = QuestionSetsViewController.xib; path = QuestionSetsViewController/QuestionSetsViewController.xib; sourceTree = "<group>"; };
		A845C0741704682B0064806D /* QuestionViewController.h */ = {isa = PBXFileReference; fileEncoding = 4; lastKnownFileType = sourcecode.c.h; name = QuestionViewController.h; path = QuestionViewController/QuestionViewController.h; sourceTree = "<group>"; };
		A845C0751704682B0064806D /* QuestionViewController.m */ = {isa = PBXFileReference; fileEncoding = 4; lastKnownFileType = sourcecode.c.objc; name = QuestionViewController.m; path = QuestionViewController/QuestionViewController.m; sourceTree = "<group>"; };
		A845C0761704682B0064806D /* QuestionViewController.xib */ = {isa = PBXFileReference; fileEncoding = 4; lastKnownFileType = file.xib; name = QuestionViewController.xib; path = QuestionViewController/QuestionViewController.xib; sourceTree = "<group>"; };
		A878106F16FB1C26003E3F91 /* QuestionSet.h */ = {isa = PBXFileReference; fileEncoding = 4; lastKnownFileType = sourcecode.c.h; name = QuestionSet.h; path = QuestionSet/QuestionSet.h; sourceTree = "<group>"; };
		A878107016FB1C26003E3F91 /* QuestionSet.m */ = {isa = PBXFileReference; fileEncoding = 4; lastKnownFileType = sourcecode.c.objc; name = QuestionSet.m; path = QuestionSet/QuestionSet.m; sourceTree = "<group>"; };
		A878107316FB1C74003E3F91 /* QuestionSet+Parser.h */ = {isa = PBXFileReference; fileEncoding = 4; lastKnownFileType = sourcecode.c.h; name = "QuestionSet+Parser.h"; path = "QuestionSet/QuestionSet+Parser.h"; sourceTree = "<group>"; };
		A878107416FB1C74003E3F91 /* QuestionSet+Parser.m */ = {isa = PBXFileReference; fileEncoding = 4; lastKnownFileType = sourcecode.c.objc; name = "QuestionSet+Parser.m"; path = "QuestionSet/QuestionSet+Parser.m"; sourceTree = "<group>"; };
		A8D36F3816FA5623009268D2 /* BaseColorTokens.h */ = {isa = PBXFileReference; fileEncoding = 4; lastKnownFileType = sourcecode.c.h; path = BaseColorTokens.h; sourceTree = "<group>"; };
		A8D36F3916FA5623009268D2 /* BaseTokens.h */ = {isa = PBXFileReference; fileEncoding = 4; lastKnownFileType = sourcecode.c.h; path = BaseTokens.h; sourceTree = "<group>"; };
		A8D36F3A16FA5623009268D2 /* Tokens.h */ = {isa = PBXFileReference; fileEncoding = 4; lastKnownFileType = sourcecode.c.h; path = Tokens.h; sourceTree = "<group>"; };
		A8D36F3B16FA5623009268D2 /* Tokens.m */ = {isa = PBXFileReference; fileEncoding = 4; lastKnownFileType = sourcecode.c.objc; path = Tokens.m; sourceTree = "<group>"; };
		A8D36F4116FA5A07009268D2 /* NameValueArchiver.h */ = {isa = PBXFileReference; fileEncoding = 4; lastKnownFileType = sourcecode.c.h; path = NameValueArchiver.h; sourceTree = "<group>"; };
		A8D36F4216FA5A07009268D2 /* NameValueArchiver.m */ = {isa = PBXFileReference; fileEncoding = 4; lastKnownFileType = sourcecode.c.objc; path = NameValueArchiver.m; sourceTree = "<group>"; };
		F2B2443716E5F85500E11381 /* Memorizer.app */ = {isa = PBXFileReference; explicitFileType = wrapper.application; includeInIndex = 0; path = Memorizer.app; sourceTree = BUILT_PRODUCTS_DIR; };
		F2B2443A16E5F85500E11381 /* UIKit.framework */ = {isa = PBXFileReference; lastKnownFileType = wrapper.framework; name = UIKit.framework; path = System/Library/Frameworks/UIKit.framework; sourceTree = SDKROOT; };
		F2B2443C16E5F85500E11381 /* Foundation.framework */ = {isa = PBXFileReference; lastKnownFileType = wrapper.framework; name = Foundation.framework; path = System/Library/Frameworks/Foundation.framework; sourceTree = SDKROOT; };
		F2B2443E16E5F85500E11381 /* CoreGraphics.framework */ = {isa = PBXFileReference; lastKnownFileType = wrapper.framework; name = CoreGraphics.framework; path = System/Library/Frameworks/CoreGraphics.framework; sourceTree = SDKROOT; };
		F2B2444216E5F85500E11381 /* Memorizer-Info.plist */ = {isa = PBXFileReference; lastKnownFileType = text.plist.xml; path = "Memorizer-Info.plist"; sourceTree = "<group>"; };
		F2B2444416E5F85500E11381 /* en */ = {isa = PBXFileReference; lastKnownFileType = text.plist.strings; name = en; path = en.lproj/InfoPlist.strings; sourceTree = "<group>"; };
		F2B2444616E5F85500E11381 /* main.m */ = {isa = PBXFileReference; lastKnownFileType = sourcecode.c.objc; path = main.m; sourceTree = "<group>"; };
		F2B2444816E5F85500E11381 /* Memorizer-Prefix.pch */ = {isa = PBXFileReference; lastKnownFileType = sourcecode.c.h; path = "Memorizer-Prefix.pch"; sourceTree = "<group>"; };
		F2B2444916E5F85500E11381 /* AppDelegate.h */ = {isa = PBXFileReference; lastKnownFileType = sourcecode.c.h; name = AppDelegate.h; path = ../AppDelegate.h; sourceTree = "<group>"; };
		F2B2444A16E5F85500E11381 /* AppDelegate.m */ = {isa = PBXFileReference; lastKnownFileType = sourcecode.c.objc; name = AppDelegate.m; path = ../AppDelegate.m; sourceTree = "<group>"; };
		F2B2444C16E5F85500E11381 /* Default.png */ = {isa = PBXFileReference; lastKnownFileType = image.png; path = Default.png; sourceTree = "<group>"; };
		F2B2444E16E5F85500E11381 /* Default@2x.png */ = {isa = PBXFileReference; lastKnownFileType = image.png; path = "Default@2x.png"; sourceTree = "<group>"; };
		F2B2445016E5F85500E11381 /* Default-568h@2x.png */ = {isa = PBXFileReference; lastKnownFileType = image.png; path = "Default-568h@2x.png"; sourceTree = "<group>"; };
		F2B2445216E5F85500E11381 /* FirstViewController.h */ = {isa = PBXFileReference; lastKnownFileType = sourcecode.c.h; name = FirstViewController.h; path = ../../FirstViewController.h; sourceTree = "<group>"; };
		F2B2445316E5F85500E11381 /* FirstViewController.m */ = {isa = PBXFileReference; lastKnownFileType = sourcecode.c.objc; name = FirstViewController.m; path = ../../FirstViewController.m; sourceTree = "<group>"; };
		F2B2445516E5F85500E11381 /* first.png */ = {isa = PBXFileReference; lastKnownFileType = image.png; name = first.png; path = ../first.png; sourceTree = "<group>"; };
		F2B2445716E5F85500E11381 /* first@2x.png */ = {isa = PBXFileReference; lastKnownFileType = image.png; name = "first@2x.png"; path = "../first@2x.png"; sourceTree = "<group>"; };
		F2B2445916E5F85500E11381 /* SecondViewController.h */ = {isa = PBXFileReference; lastKnownFileType = sourcecode.c.h; name = SecondViewController.h; path = ../../SecondViewController.h; sourceTree = "<group>"; };
		F2B2445A16E5F85500E11381 /* SecondViewController.m */ = {isa = PBXFileReference; lastKnownFileType = sourcecode.c.objc; name = SecondViewController.m; path = ../../SecondViewController.m; sourceTree = "<group>"; };
		F2B2445C16E5F85500E11381 /* second.png */ = {isa = PBXFileReference; lastKnownFileType = image.png; name = second.png; path = ../second.png; sourceTree = "<group>"; };
		F2B2445E16E5F85500E11381 /* second@2x.png */ = {isa = PBXFileReference; lastKnownFileType = image.png; name = "second@2x.png"; path = "../second@2x.png"; sourceTree = "<group>"; };
		F2B2446116E5F85500E11381 /* en */ = {isa = PBXFileReference; lastKnownFileType = file.xib; name = en; path = en.lproj/FirstViewController.xib; sourceTree = "<group>"; };
		F2B2446416E5F85500E11381 /* en */ = {isa = PBXFileReference; lastKnownFileType = file.xib; name = en; path = en.lproj/SecondViewController.xib; sourceTree = "<group>"; };
/* End PBXFileReference section */

/* Begin PBXFrameworksBuildPhase section */
		F2B2443416E5F85500E11381 /* Frameworks */ = {
			isa = PBXFrameworksBuildPhase;
			buildActionMask = 2147483647;
			files = (
				F2B2443B16E5F85500E11381 /* UIKit.framework in Frameworks */,
				F2B2443D16E5F85500E11381 /* Foundation.framework in Frameworks */,
				F2B2443F16E5F85500E11381 /* CoreGraphics.framework in Frameworks */,
			);
			runOnlyForDeploymentPostprocessing = 0;
		};
/* End PBXFrameworksBuildPhase section */

/* Begin PBXGroup section */
		A844A54B16FB177B0021037B /* Question */ = {
			isa = PBXGroup;
			children = (
				A844A54816FB17780021037B /* Question.h */,
				A844A54916FB17780021037B /* Question.m */,
				A844A54F16FB18500021037B /* Question+Parser.h */,
				A844A55016FB18500021037B /* Question+Parser.m */,
				A844A54C16FB17D10021037B /* Question+Archiver.h */,
				A844A54D16FB17D10021037B /* Question+Archiver.m */,
			);
			name = Question;
			sourceTree = "<group>";
		};
		A844A55216FB192C0021037B /* Utilities */ = {
			isa = PBXGroup;
			children = (
				A844A55316FB192C0021037B /* Log */,
			);
			path = Utilities;
			sourceTree = "<group>";
		};
		A844A55316FB192C0021037B /* Log */ = {
			isa = PBXGroup;
			children = (
				A844A55416FB192C0021037B /* OLLog.h */,
				A844A55516FB192C0021037B /* OLLogSetter.h */,
			);
			path = Log;
			sourceTree = "<group>";
		};
		A845C05D17044AED0064806D /* Content */ = {
			isa = PBXGroup;
			children = (
				A845C05E17044AED0064806D /* irregularVerbs.json */,
			);
			path = Content;
			sourceTree = "<group>";
		};
		A845C06317044E670064806D /* AppData */ = {
			isa = PBXGroup;
			children = (
				A845C06017044E610064806D /* AppData.h */,
				A845C06117044E610064806D /* AppData.m */,
				A845C067170454080064806D /* AppData+Parser.h */,
				A845C068170454080064806D /* AppData+Parser.m */,
				A845C06417044FC80064806D /* AppData+Archiver.h */,
				A845C06517044FC80064806D /* AppData+Archiver.m */,
			);
			name = AppData;
			sourceTree = "<group>";
		};
		A845C06D170460960064806D /* ManagerLaunchApp */ = {
			isa = PBXGroup;
			children = (
				A845C06A170460820064806D /* ManagerLaunchApp.h */,
				A845C06B170460830064806D /* ManagerLaunchApp.m */,
			);
			name = ManagerLaunchApp;
			sourceTree = "<group>";
		};
		A845C073170463C20064806D /* QuestionSetsViewController */ = {
			isa = PBXGroup;
			children = (
				A845C06E1704639F0064806D /* QuestionSetsViewController.h */,
				A845C06F1704639F0064806D /* QuestionSetsViewController.m */,
				A845C0701704639F0064806D /* QuestionSetsViewController.xib */,
			);
			name = QuestionSetsViewController;
			sourceTree = "<group>";
		};
		A845C079170468310064806D /* QuestionViewController */ = {
			isa = PBXGroup;
			children = (
				A845C0741704682B0064806D /* QuestionViewController.h */,
				A845C0751704682B0064806D /* QuestionViewController.m */,
				A845C0761704682B0064806D /* QuestionViewController.xib */,
			);
			name = QuestionViewController;
			sourceTree = "<group>";
		};
		A878107216FB1C2A003E3F91 /* QuestionSet */ = {
			isa = PBXGroup;
			children = (
				A878106F16FB1C26003E3F91 /* QuestionSet.h */,
				A878107016FB1C26003E3F91 /* QuestionSet.m */,
				A878107316FB1C74003E3F91 /* QuestionSet+Parser.h */,
				A878107416FB1C74003E3F91 /* QuestionSet+Parser.m */,
			);
			name = QuestionSet;
			sourceTree = "<group>";
		};
		A8D36F3616FA5623009268D2 /* Classes */ = {
			isa = PBXGroup;
			children = (
				A8D36F3F16FA5A07009268D2 /* DataManager */,
				A8D36F3D16FA5641009268D2 /* Controllers */,
				A8D36F3716FA5623009268D2 /* Tokens */,
				A844A55216FB192C0021037B /* Utilities */,
				F2B2444916E5F85500E11381 /* AppDelegate.h */,
				F2B2444A16E5F85500E11381 /* AppDelegate.m */,
			);
			path = Classes;
			sourceTree = "<group>";
		};
		A8D36F3716FA5623009268D2 /* Tokens */ = {
			isa = PBXGroup;
			children = (
				A8D36F3816FA5623009268D2 /* BaseColorTokens.h */,
				A8D36F3916FA5623009268D2 /* BaseTokens.h */,
				A8D36F3A16FA5623009268D2 /* Tokens.h */,
				A8D36F3B16FA5623009268D2 /* Tokens.m */,
			);
			path = Tokens;
			sourceTree = "<group>";
		};
		A8D36F3D16FA5641009268D2 /* Controllers */ = {
			isa = PBXGroup;
			children = (
				A845C073170463C20064806D /* QuestionSetsViewController */,
				A845C079170468310064806D /* QuestionViewController */,
				F2B2445216E5F85500E11381 /* FirstViewController.h */,
				F2B2445316E5F85500E11381 /* FirstViewController.m */,
				F2B2445916E5F85500E11381 /* SecondViewController.h */,
				F2B2445A16E5F85500E11381 /* SecondViewController.m */,
				F2B2446016E5F85500E11381 /* FirstViewController.xib */,
				F2B2446316E5F85500E11381 /* SecondViewController.xib */,
			);
			path = Controllers;
			sourceTree = "<group>";
		};
		A8D36F3E16FA5667009268D2 /* Resources */ = {
			isa = PBXGroup;
			children = (
				F2B2445516E5F85500E11381 /* first.png */,
				F2B2445716E5F85500E11381 /* first@2x.png */,
				F2B2445C16E5F85500E11381 /* second.png */,
				F2B2445E16E5F85500E11381 /* second@2x.png */,
				A845C05D17044AED0064806D /* Content */,
			);
			path = Resources;
			sourceTree = "<group>";
		};
		A8D36F3F16FA5A07009268D2 /* DataManager */ = {
			isa = PBXGroup;
			children = (
				A8D36F4016FA5A07009268D2 /* Data */,
			);
			path = DataManager;
			sourceTree = "<group>";
		};
		A8D36F4016FA5A07009268D2 /* Data */ = {
			isa = PBXGroup;
			children = (
				A8D36F4116FA5A07009268D2 /* NameValueArchiver.h */,
				A8D36F4216FA5A07009268D2 /* NameValueArchiver.m */,
				A845C06D170460960064806D /* ManagerLaunchApp */,
				A845C06317044E670064806D /* AppData */,
				A878107216FB1C2A003E3F91 /* QuestionSet */,
				A844A54B16FB177B0021037B /* Question */,
			);
			path = Data;
			sourceTree = "<group>";
		};
		F2B2442E16E5F85500E11381 = {
			isa = PBXGroup;
			children = (
				F2B2444016E5F85500E11381 /* Memorizer */,
				F2B2443916E5F85500E11381 /* Frameworks */,
				F2B2443816E5F85500E11381 /* Products */,
			);
			sourceTree = "<group>";
		};
		F2B2443816E5F85500E11381 /* Products */ = {
			isa = PBXGroup;
			children = (
				F2B2443716E5F85500E11381 /* Memorizer.app */,
			);
			name = Products;
			sourceTree = "<group>";
		};
		F2B2443916E5F85500E11381 /* Frameworks */ = {
			isa = PBXGroup;
			children = (
				F2B2443A16E5F85500E11381 /* UIKit.framework */,
				F2B2443C16E5F85500E11381 /* Foundation.framework */,
				F2B2443E16E5F85500E11381 /* CoreGraphics.framework */,
			);
			name = Frameworks;
			sourceTree = "<group>";
		};
		F2B2444016E5F85500E11381 /* Memorizer */ = {
			isa = PBXGroup;
			children = (
				A8D36F3E16FA5667009268D2 /* Resources */,
				A8D36F3616FA5623009268D2 /* Classes */,
				F2B2444116E5F85500E11381 /* Supporting Files */,
			);
			path = Memorizer;
			sourceTree = "<group>";
		};
		F2B2444116E5F85500E11381 /* Supporting Files */ = {
			isa = PBXGroup;
			children = (
				F2B2444216E5F85500E11381 /* Memorizer-Info.plist */,
				F2B2444316E5F85500E11381 /* InfoPlist.strings */,
				F2B2444616E5F85500E11381 /* main.m */,
				F2B2444816E5F85500E11381 /* Memorizer-Prefix.pch */,
				F2B2444C16E5F85500E11381 /* Default.png */,
				F2B2444E16E5F85500E11381 /* Default@2x.png */,
				F2B2445016E5F85500E11381 /* Default-568h@2x.png */,
			);
			name = "Supporting Files";
			sourceTree = "<group>";
		};
/* End PBXGroup section */

/* Begin PBXNativeTarget section */
		F2B2443616E5F85500E11381 /* Memorizer */ = {
			isa = PBXNativeTarget;
			buildConfigurationList = F2B2446816E5F85500E11381 /* Build configuration list for PBXNativeTarget "Memorizer" */;
			buildPhases = (
				F2B2443316E5F85500E11381 /* Sources */,
				F2B2443416E5F85500E11381 /* Frameworks */,
				F2B2443516E5F85500E11381 /* Resources */,
			);
			buildRules = (
			);
			dependencies = (
			);
			name = Memorizer;
			productName = Memorizer;
			productReference = F2B2443716E5F85500E11381 /* Memorizer.app */;
			productType = "com.apple.product-type.application";
		};
/* End PBXNativeTarget section */

/* Begin PBXProject section */
		F2B2442F16E5F85500E11381 /* Project object */ = {
			isa = PBXProject;
			attributes = {
				LastUpgradeCheck = 0460;
				ORGANIZATIONNAME = "Rémi Lavedrine";
			};
			buildConfigurationList = F2B2443216E5F85500E11381 /* Build configuration list for PBXProject "Memorizer" */;
			compatibilityVersion = "Xcode 3.2";
			developmentRegion = English;
			hasScannedForEncodings = 0;
			knownRegions = (
				en,
			);
			mainGroup = F2B2442E16E5F85500E11381;
			productRefGroup = F2B2443816E5F85500E11381 /* Products */;
			projectDirPath = "";
			projectRoot = "";
			targets = (
				F2B2443616E5F85500E11381 /* Memorizer */,
			);
		};
/* End PBXProject section */

/* Begin PBXResourcesBuildPhase section */
		F2B2443516E5F85500E11381 /* Resources */ = {
			isa = PBXResourcesBuildPhase;
			buildActionMask = 2147483647;
			files = (
				F2B2444516E5F85500E11381 /* InfoPlist.strings in Resources */,
				F2B2444D16E5F85500E11381 /* Default.png in Resources */,
				F2B2444F16E5F85500E11381 /* Default@2x.png in Resources */,
				F2B2445116E5F85500E11381 /* Default-568h@2x.png in Resources */,
				F2B2445616E5F85500E11381 /* first.png in Resources */,
				F2B2445816E5F85500E11381 /* first@2x.png in Resources */,
				F2B2445D16E5F85500E11381 /* second.png in Resources */,
				F2B2445F16E5F85500E11381 /* second@2x.png in Resources */,
				F2B2446216E5F85500E11381 /* FirstViewController.xib in Resources */,
				F2B2446516E5F85500E11381 /* SecondViewController.xib in Resources */,
				A845C05F17044AED0064806D /* irregularVerbs.json in Resources */,
				A845C0721704639F0064806D /* QuestionSetsViewController.xib in Resources */,
				A845C0781704682B0064806D /* QuestionViewController.xib in Resources */,
			);
			runOnlyForDeploymentPostprocessing = 0;
		};
/* End PBXResourcesBuildPhase section */

/* Begin PBXSourcesBuildPhase section */
		F2B2443316E5F85500E11381 /* Sources */ = {
			isa = PBXSourcesBuildPhase;
			buildActionMask = 2147483647;
			files = (
				F2B2444716E5F85500E11381 /* main.m in Sources */,
				F2B2444B16E5F85500E11381 /* AppDelegate.m in Sources */,
				F2B2445416E5F85500E11381 /* FirstViewController.m in Sources */,
				F2B2445B16E5F85500E11381 /* SecondViewController.m in Sources */,
				A8D36F3C16FA5623009268D2 /* Tokens.m in Sources */,
				A8D36F4316FA5A07009268D2 /* NameValueArchiver.m in Sources */,
				A844A54A16FB17780021037B /* Question.m in Sources */,
				A844A54E16FB17D10021037B /* Question+Archiver.m in Sources */,
				A844A55116FB18500021037B /* Question+Parser.m in Sources */,
				A878107116FB1C26003E3F91 /* QuestionSet.m in Sources */,
				A878107516FB1C74003E3F91 /* QuestionSet+Parser.m in Sources */,
				A845C06217044E610064806D /* AppData.m in Sources */,
				A845C06617044FC80064806D /* AppData+Archiver.m in Sources */,
				A845C069170454080064806D /* AppData+Parser.m in Sources */,
				A845C06C170460840064806D /* ManagerLaunchApp.m in Sources */,
				A845C0711704639F0064806D /* QuestionSetsViewController.m in Sources */,
				A845C0771704682B0064806D /* QuestionViewController.m in Sources */,
			);
			runOnlyForDeploymentPostprocessing = 0;
		};
/* End PBXSourcesBuildPhase section */

/* Begin PBXVariantGroup section */
		F2B2444316E5F85500E11381 /* InfoPlist.strings */ = {
			isa = PBXVariantGroup;
			children = (
				F2B2444416E5F85500E11381 /* en */,
			);
			name = InfoPlist.strings;
			sourceTree = "<group>";
		};
		F2B2446016E5F85500E11381 /* FirstViewController.xib */ = {
			isa = PBXVariantGroup;
			children = (
				F2B2446116E5F85500E11381 /* en */,
			);
			name = FirstViewController.xib;
			path = ../..;
			sourceTree = "<group>";
		};
		F2B2446316E5F85500E11381 /* SecondViewController.xib */ = {
			isa = PBXVariantGroup;
			children = (
				F2B2446416E5F85500E11381 /* en */,
			);
			name = SecondViewController.xib;
			path = ../..;
			sourceTree = "<group>";
		};
/* End PBXVariantGroup section */

/* Begin XCBuildConfiguration section */
		F2B2446616E5F85500E11381 /* Debug */ = {
			isa = XCBuildConfiguration;
			buildSettings = {
				ALWAYS_SEARCH_USER_PATHS = NO;
				CLANG_CXX_LANGUAGE_STANDARD = "gnu++0x";
				CLANG_CXX_LIBRARY = "libc++";
				CLANG_ENABLE_OBJC_ARC = YES;
				CLANG_WARN_CONSTANT_CONVERSION = YES;
				CLANG_WARN_EMPTY_BODY = YES;
				CLANG_WARN_ENUM_CONVERSION = YES;
				CLANG_WARN_INT_CONVERSION = YES;
				CLANG_WARN__DUPLICATE_METHOD_MATCH = YES;
				"CODE_SIGN_IDENTITY[sdk=iphoneos*]" = "iPhone Developer";
				COPY_PHASE_STRIP = NO;
				GCC_C_LANGUAGE_STANDARD = gnu99;
				GCC_DYNAMIC_NO_PIC = NO;
				GCC_OPTIMIZATION_LEVEL = 0;
				GCC_PREPROCESSOR_DEFINITIONS = (
					"DEBUG=1",
					"$(inherited)",
				);
				GCC_SYMBOLS_PRIVATE_EXTERN = NO;
				GCC_WARN_ABOUT_RETURN_TYPE = YES;
				GCC_WARN_UNINITIALIZED_AUTOS = YES;
				GCC_WARN_UNUSED_VARIABLE = YES;
				IPHONEOS_DEPLOYMENT_TARGET = 6.1;
				ONLY_ACTIVE_ARCH = YES;
				SDKROOT = iphoneos;
			};
			name = Debug;
		};
		F2B2446716E5F85500E11381 /* Release */ = {
			isa = XCBuildConfiguration;
			buildSettings = {
				ALWAYS_SEARCH_USER_PATHS = NO;
				CLANG_CXX_LANGUAGE_STANDARD = "gnu++0x";
				CLANG_CXX_LIBRARY = "libc++";
				CLANG_ENABLE_OBJC_ARC = YES;
				CLANG_WARN_CONSTANT_CONVERSION = YES;
				CLANG_WARN_EMPTY_BODY = YES;
				CLANG_WARN_ENUM_CONVERSION = YES;
				CLANG_WARN_INT_CONVERSION = YES;
				CLANG_WARN__DUPLICATE_METHOD_MATCH = YES;
				"CODE_SIGN_IDENTITY[sdk=iphoneos*]" = "iPhone Developer";
				COPY_PHASE_STRIP = YES;
				GCC_C_LANGUAGE_STANDARD = gnu99;
				GCC_WARN_ABOUT_RETURN_TYPE = YES;
				GCC_WARN_UNINITIALIZED_AUTOS = YES;
				GCC_WARN_UNUSED_VARIABLE = YES;
				IPHONEOS_DEPLOYMENT_TARGET = 6.1;
				OTHER_CFLAGS = "-DNS_BLOCK_ASSERTIONS=1";
				SDKROOT = iphoneos;
				VALIDATE_PRODUCT = YES;
			};
			name = Release;
		};
		F2B2446916E5F85500E11381 /* Debug */ = {
			isa = XCBuildConfiguration;
			buildSettings = {
				GCC_PRECOMPILE_PREFIX_HEADER = YES;
				GCC_PREFIX_HEADER = "Memorizer/Memorizer-Prefix.pch";
				INFOPLIST_FILE = "Memorizer/Memorizer-Info.plist";
				PRODUCT_NAME = "$(TARGET_NAME)";
				WRAPPER_EXTENSION = app;
			};
			name = Debug;
		};
		F2B2446A16E5F85500E11381 /* Release */ = {
			isa = XCBuildConfiguration;
			buildSettings = {
				GCC_PRECOMPILE_PREFIX_HEADER = YES;
				GCC_PREFIX_HEADER = "Memorizer/Memorizer-Prefix.pch";
				INFOPLIST_FILE = "Memorizer/Memorizer-Info.plist";
				PRODUCT_NAME = "$(TARGET_NAME)";
				WRAPPER_EXTENSION = app;
			};
			name = Release;
		};
/* End XCBuildConfiguration section */

/* Begin XCConfigurationList section */
		F2B2443216E5F85500E11381 /* Build configuration list for PBXProject "Memorizer" */ = {
			isa = XCConfigurationList;
			buildConfigurations = (
				F2B2446616E5F85500E11381 /* Debug */,
				F2B2446716E5F85500E11381 /* Release */,
			);
			defaultConfigurationIsVisible = 0;
			defaultConfigurationName = Release;
		};
		F2B2446816E5F85500E11381 /* Build configuration list for PBXNativeTarget "Memorizer" */ = {
			isa = XCConfigurationList;
			buildConfigurations = (
				F2B2446916E5F85500E11381 /* Debug */,
				F2B2446A16E5F85500E11381 /* Release */,
			);
			defaultConfigurationIsVisible = 0;
			defaultConfigurationName = Release;
		};
/* End XCConfigurationList section */
	};
	rootObject = F2B2442F16E5F85500E11381 /* Project object */;
}
